
Microsoft Visual Studio Solution File, Format Version 12.00
# Visual Studio 15
VisualStudioVersion = 15.0.28307.136
MinimumVisualStudioVersion = 10.0.40219.1
Project("{9A19103F-16F7-4668-BE54-9A1E7A4F7556}") = "DefaultDocumentation", "DefaultDocumentation\DefaultDocumentation.csproj", "{4D7998F0-BA62-41E0-904C-A8D1B45F3937}"
EndProject
Project("{2150E333-8FDC-42A3-9474-1A3956D46DE8}") = "Solution Items", "Solution Items", "{AC68DCB5-418D-4573-8914-108195D7C6FD}"
	ProjectSection(SolutionItems) = preProject
		..\.gitignore = ..\.gitignore
		..\LICENSE.md = ..\LICENSE.md
		..\Packaging.bat = ..\Packaging.bat
		..\README.md = ..\README.md
	EndProjectSection
EndProject
Global
	GlobalSection(SolutionConfigurationPlatforms) = preSolution
		Debug|Any CPU = Debug|Any CPU
		Release|Any CPU = Release|Any CPU
	EndGlobalSection
	GlobalSection(ProjectConfigurationPlatforms) = postSolution
		{4D7998F0-BA62-41E0-904C-A8D1B45F3937}.Debug|Any CPU.ActiveCfg = Debug|Any CPU
		{4D7998F0-BA62-41E0-904C-A8D1B45F3937}.Debug|Any CPU.Build.0 = Debug|Any CPU
		{4D7998F0-BA62-41E0-904C-A8D1B45F3937}.Release|Any CPU.ActiveCfg = Release|Any CPU
		{4D7998F0-BA62-41E0-904C-A8D1B45F3937}.Release|Any CPU.Build.0 = Release|Any CPU
	EndGlobalSection
	GlobalSection(SolutionProperties) = preSolution
		HideSolutionNode = FALSE
	EndGlobalSection
	GlobalSection(ExtensibilityGlobals) = postSolution
		SolutionGuid = {6F68382B-01C4-4F2C-A936-BCECA612D2FF}
	EndGlobalSection
EndGlobal
