
Microsoft Visual Studio Solution File, Format Version 12.00
# Visual Studio Version 16
VisualStudioVersion = 16.0.29215.179
MinimumVisualStudioVersion = 10.0.40219.1
Project("{9A19103F-16F7-4668-BE54-9A1E7A4F7556}") = "DefaultDocumentation", "DefaultDocumentation\DefaultDocumentation.csproj", "{4D7998F0-BA62-41E0-904C-A8D1B45F3937}"
EndProject
Project("{2150E333-8FDC-42A3-9474-1A3956D46DE8}") = "_Solution Items", "_Solution Items", "{AC68DCB5-418D-4573-8914-108195D7C6FD}"
	ProjectSection(SolutionItems) = preProject
		.editorconfig = .editorconfig
		..\.gitignore = ..\.gitignore
		Directory.Build.props = Directory.Build.props
		..\LICENSE.md = ..\LICENSE.md
		..\documentation\NEXT_RELEASENOTES.txt = ..\documentation\NEXT_RELEASENOTES.txt
		..\README.md = ..\README.md
		..\Release.bat = ..\Release.bat
	EndProjectSection
EndProject
Project("{9A19103F-16F7-4668-BE54-9A1E7A4F7556}") = "Dummy", "Dummy\Dummy.csproj", "{4BBA3FDF-A296-4428-90C3-FC266D4EA45A}"
EndProject
Project("{9A19103F-16F7-4668-BE54-9A1E7A4F7556}") = "DefaultDocumentation.Test", "DefaultDocumentation.Test\DefaultDocumentation.Test.csproj", "{42945395-C264-44D1-B1F7-8DE60223D6F2}"
EndProject
Project("{2150E333-8FDC-42A3-9474-1A3956D46DE8}") = "Workflows", "Workflows", "{B28829C0-EE3D-4BC4-A8C2-AAF6A3D360DE}"
	ProjectSection(SolutionItems) = preProject
		..\.github\workflows\ContinuousIntegration.yml = ..\.github\workflows\ContinuousIntegration.yml
		..\.github\workflows\PullRequest.yml = ..\.github\workflows\PullRequest.yml
		..\.github\workflows\Release.yml = ..\.github\workflows\Release.yml
	EndProjectSection
EndProject
Project("{2150E333-8FDC-42A3-9474-1A3956D46DE8}") = "_Tests", "_Tests", "{CCDFB8FC-4910-4773-A55C-6A21576CA8CF}"
EndProject
Project("{9A19103F-16F7-4668-BE54-9A1E7A4F7556}") = "DefaultDocumentation.Common", "DefaultDocumentation.Common\DefaultDocumentation.Common.csproj", "{F594BD03-1FC5-4858-B0B3-D53C456566FD}"
EndProject
Project("{9A19103F-16F7-4668-BE54-9A1E7A4F7556}") = "DefaultDocumentation.Console", "DefaultDocumentation.Console\DefaultDocumentation.Console.csproj", "{E28A96EB-0ED9-438B-9DE5-B435093D0B4A}"
EndProject
Project("{FAE04EC0-301F-11D3-BF4B-00C04F79EFBC}") = "DefaultDocumentation.Api", "DefaultDocumentation.Api\DefaultDocumentation.Api.csproj", "{F7661C9B-832E-4B5F-9CBB-CEA4DE90E898}"
EndProject
Project("{FAE04EC0-301F-11D3-BF4B-00C04F79EFBC}") = "DefaultDocumentation.Markdown", "DefaultDocumentation.Markdown\DefaultDocumentation.Markdown.csproj", "{BDABDC87-8E3B-4E68-8113-4877EFE6A897}"
EndProject
Global
	GlobalSection(SolutionConfigurationPlatforms) = preSolution
		Debug|Any CPU = Debug|Any CPU
		Release|Any CPU = Release|Any CPU
	EndGlobalSection
	GlobalSection(ProjectConfigurationPlatforms) = postSolution
		{4D7998F0-BA62-41E0-904C-A8D1B45F3937}.Debug|Any CPU.ActiveCfg = Debug|Any CPU
		{4D7998F0-BA62-41E0-904C-A8D1B45F3937}.Debug|Any CPU.Build.0 = Debug|Any CPU
		{4D7998F0-BA62-41E0-904C-A8D1B45F3937}.Release|Any CPU.ActiveCfg = Release|Any CPU
		{4D7998F0-BA62-41E0-904C-A8D1B45F3937}.Release|Any CPU.Build.0 = Release|Any CPU
		{4BBA3FDF-A296-4428-90C3-FC266D4EA45A}.Debug|Any CPU.ActiveCfg = Debug|Any CPU
		{4BBA3FDF-A296-4428-90C3-FC266D4EA45A}.Debug|Any CPU.Build.0 = Debug|Any CPU
		{4BBA3FDF-A296-4428-90C3-FC266D4EA45A}.Release|Any CPU.ActiveCfg = Release|Any CPU
		{4BBA3FDF-A296-4428-90C3-FC266D4EA45A}.Release|Any CPU.Build.0 = Release|Any CPU
		{42945395-C264-44D1-B1F7-8DE60223D6F2}.Debug|Any CPU.ActiveCfg = Debug|Any CPU
		{42945395-C264-44D1-B1F7-8DE60223D6F2}.Debug|Any CPU.Build.0 = Debug|Any CPU
		{42945395-C264-44D1-B1F7-8DE60223D6F2}.Release|Any CPU.ActiveCfg = Release|Any CPU
		{42945395-C264-44D1-B1F7-8DE60223D6F2}.Release|Any CPU.Build.0 = Release|Any CPU
		{F594BD03-1FC5-4858-B0B3-D53C456566FD}.Debug|Any CPU.ActiveCfg = Debug|Any CPU
		{F594BD03-1FC5-4858-B0B3-D53C456566FD}.Debug|Any CPU.Build.0 = Debug|Any CPU
		{F594BD03-1FC5-4858-B0B3-D53C456566FD}.Release|Any CPU.ActiveCfg = Release|Any CPU
		{F594BD03-1FC5-4858-B0B3-D53C456566FD}.Release|Any CPU.Build.0 = Release|Any CPU
		{E28A96EB-0ED9-438B-9DE5-B435093D0B4A}.Debug|Any CPU.ActiveCfg = Debug|Any CPU
		{E28A96EB-0ED9-438B-9DE5-B435093D0B4A}.Debug|Any CPU.Build.0 = Debug|Any CPU
		{E28A96EB-0ED9-438B-9DE5-B435093D0B4A}.Release|Any CPU.ActiveCfg = Release|Any CPU
		{E28A96EB-0ED9-438B-9DE5-B435093D0B4A}.Release|Any CPU.Build.0 = Release|Any CPU
		{F7661C9B-832E-4B5F-9CBB-CEA4DE90E898}.Debug|Any CPU.ActiveCfg = Debug|Any CPU
		{F7661C9B-832E-4B5F-9CBB-CEA4DE90E898}.Debug|Any CPU.Build.0 = Debug|Any CPU
		{F7661C9B-832E-4B5F-9CBB-CEA4DE90E898}.Release|Any CPU.ActiveCfg = Release|Any CPU
		{F7661C9B-832E-4B5F-9CBB-CEA4DE90E898}.Release|Any CPU.Build.0 = Release|Any CPU
		{BDABDC87-8E3B-4E68-8113-4877EFE6A897}.Debug|Any CPU.ActiveCfg = Debug|Any CPU
		{BDABDC87-8E3B-4E68-8113-4877EFE6A897}.Debug|Any CPU.Build.0 = Debug|Any CPU
		{BDABDC87-8E3B-4E68-8113-4877EFE6A897}.Release|Any CPU.ActiveCfg = Release|Any CPU
		{BDABDC87-8E3B-4E68-8113-4877EFE6A897}.Release|Any CPU.Build.0 = Release|Any CPU
	EndGlobalSection
	GlobalSection(SolutionProperties) = preSolution
		HideSolutionNode = FALSE
	EndGlobalSection
	GlobalSection(NestedProjects) = preSolution
		{42945395-C264-44D1-B1F7-8DE60223D6F2} = {CCDFB8FC-4910-4773-A55C-6A21576CA8CF}
		{B28829C0-EE3D-4BC4-A8C2-AAF6A3D360DE} = {AC68DCB5-418D-4573-8914-108195D7C6FD}
	EndGlobalSection
	GlobalSection(ExtensibilityGlobals) = postSolution
		SolutionGuid = {6F68382B-01C4-4F2C-A936-BCECA612D2FF}
	EndGlobalSection
EndGlobal
